// !$*UTF8*$!
{
	archiveVersion = 1;
	classes = {
	};
	objectVersion = 46;
	objects = {

/* Begin PBXBuildFile section */
		400532891F07BAB0009D4E80 /* AppDelegate.swift in Sources */ = {isa = PBXBuildFile; fileRef = 400532881F07BAB0009D4E80 /* AppDelegate.swift */; };
		4005328B1F07BAB0009D4E80 /* ViewController.swift in Sources */ = {isa = PBXBuildFile; fileRef = 4005328A1F07BAB0009D4E80 /* ViewController.swift */; };
		4005328E1F07BAB0009D4E80 /* Main.storyboard in Resources */ = {isa = PBXBuildFile; fileRef = 4005328C1F07BAB0009D4E80 /* Main.storyboard */; };
		400532901F07BAB0009D4E80 /* Assets.xcassets in Resources */ = {isa = PBXBuildFile; fileRef = 4005328F1F07BAB0009D4E80 /* Assets.xcassets */; };
		400532931F07BAB0009D4E80 /* LaunchScreen.storyboard in Resources */ = {isa = PBXBuildFile; fileRef = 400532911F07BAB0009D4E80 /* LaunchScreen.storyboard */; };
		4005329E1F07BAB0009D4E80 /* WeatherAlarmTests.swift in Sources */ = {isa = PBXBuildFile; fileRef = 4005329D1F07BAB0009D4E80 /* WeatherAlarmTests.swift */; };
		400532A91F07BAB0009D4E80 /* WeatherAlarmUITests.swift in Sources */ = {isa = PBXBuildFile; fileRef = 400532A81F07BAB0009D4E80 /* WeatherAlarmUITests.swift */; };
		40F5535C1F0847A0005B33C4 /* GoogleService-Info.plist in Resources */ = {isa = PBXBuildFile; fileRef = 40F5535B1F0847A0005B33C4 /* GoogleService-Info.plist */; };
		40F5535D1F0847A0005B33C4 /* GoogleService-Info.plist in Resources */ = {isa = PBXBuildFile; fileRef = 40F5535B1F0847A0005B33C4 /* GoogleService-Info.plist */; };
		40F5535E1F0847A0005B33C4 /* GoogleService-Info.plist in Resources */ = {isa = PBXBuildFile; fileRef = 40F5535B1F0847A0005B33C4 /* GoogleService-Info.plist */; };
		6478041D02DFADB1C3C70CDA /* Pods_WeatherAlarm.framework in Frameworks */ = {isa = PBXBuildFile; fileRef = D80EBB26B78982EFB1A58AD8 /* Pods_WeatherAlarm.framework */; };
		DDE1D121186357391FD04111 /* Pods_WeatherAlarmTests.framework in Frameworks */ = {isa = PBXBuildFile; fileRef = 37BBAF2584997736BE38AFE1 /* Pods_WeatherAlarmTests.framework */; };
		FE68F163648CDBC0AE2D2B49 /* Pods_WeatherAlarmUITests.framework in Frameworks */ = {isa = PBXBuildFile; fileRef = D5ACC9ADCA2B8AF04BA0CB7B /* Pods_WeatherAlarmUITests.framework */; };
/* End PBXBuildFile section */

/* Begin PBXContainerItemProxy section */
		4005329A1F07BAB0009D4E80 /* PBXContainerItemProxy */ = {
			isa = PBXContainerItemProxy;
			containerPortal = 4005327D1F07BAAF009D4E80 /* Project object */;
			proxyType = 1;
			remoteGlobalIDString = 400532841F07BAAF009D4E80;
			remoteInfo = WeatherAlarm;
		};
		400532A51F07BAB0009D4E80 /* PBXContainerItemProxy */ = {
			isa = PBXContainerItemProxy;
			containerPortal = 4005327D1F07BAAF009D4E80 /* Project object */;
			proxyType = 1;
			remoteGlobalIDString = 400532841F07BAAF009D4E80;
			remoteInfo = WeatherAlarm;
		};
/* End PBXContainerItemProxy section */

/* Begin PBXFileReference section */
		37BBAF2584997736BE38AFE1 /* Pods_WeatherAlarmTests.framework */ = {isa = PBXFileReference; explicitFileType = wrapper.framework; includeInIndex = 0; path = Pods_WeatherAlarmTests.framework; sourceTree = BUILT_PRODUCTS_DIR; };
		4003D2531F08541D004A7C30 /* WeatherAlarm.entitlements */ = {isa = PBXFileReference; lastKnownFileType = text.plist.entitlements; path = WeatherAlarm.entitlements; sourceTree = "<group>"; };
		4003D2541F08548B004A7C30 /* WeatherAlarm-Bridging-Header.h */ = {isa = PBXFileReference; lastKnownFileType = sourcecode.c.h; path = "WeatherAlarm-Bridging-Header.h"; sourceTree = SOURCE_ROOT; };
		400532851F07BAAF009D4E80 /* WeatherAlarm.app */ = {isa = PBXFileReference; explicitFileType = wrapper.application; includeInIndex = 0; path = WeatherAlarm.app; sourceTree = BUILT_PRODUCTS_DIR; };
		400532881F07BAB0009D4E80 /* AppDelegate.swift */ = {isa = PBXFileReference; lastKnownFileType = sourcecode.swift; path = AppDelegate.swift; sourceTree = "<group>"; };
		4005328A1F07BAB0009D4E80 /* ViewController.swift */ = {isa = PBXFileReference; lastKnownFileType = sourcecode.swift; path = ViewController.swift; sourceTree = "<group>"; };
		4005328D1F07BAB0009D4E80 /* Base */ = {isa = PBXFileReference; lastKnownFileType = file.storyboard; name = Base; path = Base.lproj/Main.storyboard; sourceTree = "<group>"; };
		4005328F1F07BAB0009D4E80 /* Assets.xcassets */ = {isa = PBXFileReference; lastKnownFileType = folder.assetcatalog; path = Assets.xcassets; sourceTree = "<group>"; };
		400532921F07BAB0009D4E80 /* Base */ = {isa = PBXFileReference; lastKnownFileType = file.storyboard; name = Base; path = Base.lproj/LaunchScreen.storyboard; sourceTree = "<group>"; };
		400532941F07BAB0009D4E80 /* Info.plist */ = {isa = PBXFileReference; lastKnownFileType = text.plist.xml; path = Info.plist; sourceTree = "<group>"; };
		400532991F07BAB0009D4E80 /* WeatherAlarmTests.xctest */ = {isa = PBXFileReference; explicitFileType = wrapper.cfbundle; includeInIndex = 0; path = WeatherAlarmTests.xctest; sourceTree = BUILT_PRODUCTS_DIR; };
		4005329D1F07BAB0009D4E80 /* WeatherAlarmTests.swift */ = {isa = PBXFileReference; lastKnownFileType = sourcecode.swift; path = WeatherAlarmTests.swift; sourceTree = "<group>"; };
		4005329F1F07BAB0009D4E80 /* Info.plist */ = {isa = PBXFileReference; lastKnownFileType = text.plist.xml; path = Info.plist; sourceTree = "<group>"; };
		400532A41F07BAB0009D4E80 /* WeatherAlarmUITests.xctest */ = {isa = PBXFileReference; explicitFileType = wrapper.cfbundle; includeInIndex = 0; path = WeatherAlarmUITests.xctest; sourceTree = BUILT_PRODUCTS_DIR; };
		400532A81F07BAB0009D4E80 /* WeatherAlarmUITests.swift */ = {isa = PBXFileReference; lastKnownFileType = sourcecode.swift; path = WeatherAlarmUITests.swift; sourceTree = "<group>"; };
		400532AA1F07BAB0009D4E80 /* Info.plist */ = {isa = PBXFileReference; lastKnownFileType = text.plist.xml; path = Info.plist; sourceTree = "<group>"; };
		40F5535B1F0847A0005B33C4 /* GoogleService-Info.plist */ = {isa = PBXFileReference; fileEncoding = 4; lastKnownFileType = text.plist.xml; path = "GoogleService-Info.plist"; sourceTree = "<group>"; };
		44301D76E38F00D60445119F /* Pods-WeatherAlarmUITests.release.xcconfig */ = {isa = PBXFileReference; includeInIndex = 1; lastKnownFileType = text.xcconfig; name = "Pods-WeatherAlarmUITests.release.xcconfig"; path = "Pods/Target Support Files/Pods-WeatherAlarmUITests/Pods-WeatherAlarmUITests.release.xcconfig"; sourceTree = "<group>"; };
		4B84837C31016D34DDA98F53 /* Pods-WeatherAlarmTests.release.xcconfig */ = {isa = PBXFileReference; includeInIndex = 1; lastKnownFileType = text.xcconfig; name = "Pods-WeatherAlarmTests.release.xcconfig"; path = "Pods/Target Support Files/Pods-WeatherAlarmTests/Pods-WeatherAlarmTests.release.xcconfig"; sourceTree = "<group>"; };
		68B2C27D01F60385D2411F35 /* Pods-WeatherAlarmTests.debug.xcconfig */ = {isa = PBXFileReference; includeInIndex = 1; lastKnownFileType = text.xcconfig; name = "Pods-WeatherAlarmTests.debug.xcconfig"; path = "Pods/Target Support Files/Pods-WeatherAlarmTests/Pods-WeatherAlarmTests.debug.xcconfig"; sourceTree = "<group>"; };
		B97C1CC63B863CF305673A21 /* Pods-WeatherAlarmUITests.debug.xcconfig */ = {isa = PBXFileReference; includeInIndex = 1; lastKnownFileType = text.xcconfig; name = "Pods-WeatherAlarmUITests.debug.xcconfig"; path = "Pods/Target Support Files/Pods-WeatherAlarmUITests/Pods-WeatherAlarmUITests.debug.xcconfig"; sourceTree = "<group>"; };
		D5ACC9ADCA2B8AF04BA0CB7B /* Pods_WeatherAlarmUITests.framework */ = {isa = PBXFileReference; explicitFileType = wrapper.framework; includeInIndex = 0; path = Pods_WeatherAlarmUITests.framework; sourceTree = BUILT_PRODUCTS_DIR; };
		D80EBB26B78982EFB1A58AD8 /* Pods_WeatherAlarm.framework */ = {isa = PBXFileReference; explicitFileType = wrapper.framework; includeInIndex = 0; path = Pods_WeatherAlarm.framework; sourceTree = BUILT_PRODUCTS_DIR; };
		ECCFB20936FD75E37CB72274 /* Pods-WeatherAlarm.release.xcconfig */ = {isa = PBXFileReference; includeInIndex = 1; lastKnownFileType = text.xcconfig; name = "Pods-WeatherAlarm.release.xcconfig"; path = "Pods/Target Support Files/Pods-WeatherAlarm/Pods-WeatherAlarm.release.xcconfig"; sourceTree = "<group>"; };
		FE70D9E12BF69E1503A1CBD8 /* Pods-WeatherAlarm.debug.xcconfig */ = {isa = PBXFileReference; includeInIndex = 1; lastKnownFileType = text.xcconfig; name = "Pods-WeatherAlarm.debug.xcconfig"; path = "Pods/Target Support Files/Pods-WeatherAlarm/Pods-WeatherAlarm.debug.xcconfig"; sourceTree = "<group>"; };
/* End PBXFileReference section */

/* Begin PBXFrameworksBuildPhase section */
		400532821F07BAAF009D4E80 /* Frameworks */ = {
			isa = PBXFrameworksBuildPhase;
			buildActionMask = 2147483647;
			files = (
				6478041D02DFADB1C3C70CDA /* Pods_WeatherAlarm.framework in Frameworks */,
			);
			runOnlyForDeploymentPostprocessing = 0;
		};
		400532961F07BAB0009D4E80 /* Frameworks */ = {
			isa = PBXFrameworksBuildPhase;
			buildActionMask = 2147483647;
			files = (
				DDE1D121186357391FD04111 /* Pods_WeatherAlarmTests.framework in Frameworks */,
			);
			runOnlyForDeploymentPostprocessing = 0;
		};
		400532A11F07BAB0009D4E80 /* Frameworks */ = {
			isa = PBXFrameworksBuildPhase;
			buildActionMask = 2147483647;
			files = (
				FE68F163648CDBC0AE2D2B49 /* Pods_WeatherAlarmUITests.framework in Frameworks */,
			);
			runOnlyForDeploymentPostprocessing = 0;
		};
/* End PBXFrameworksBuildPhase section */

/* Begin PBXGroup section */
		4005327C1F07BAAF009D4E80 = {
			isa = PBXGroup;
			children = (
				400532871F07BAAF009D4E80 /* WeatherAlarm */,
				4005329C1F07BAB0009D4E80 /* WeatherAlarmTests */,
				400532A71F07BAB0009D4E80 /* WeatherAlarmUITests */,
				400532861F07BAAF009D4E80 /* Products */,
				C9D067CEC2C454ED258FC8DB /* Pods */,
				5DB6A4D1DA82B8F10A1F7309 /* Frameworks */,
			);
			sourceTree = "<group>";
		};
		400532861F07BAAF009D4E80 /* Products */ = {
			isa = PBXGroup;
			children = (
				400532851F07BAAF009D4E80 /* WeatherAlarm.app */,
				400532991F07BAB0009D4E80 /* WeatherAlarmTests.xctest */,
				400532A41F07BAB0009D4E80 /* WeatherAlarmUITests.xctest */,
			);
			name = Products;
			sourceTree = "<group>";
		};
		400532871F07BAAF009D4E80 /* WeatherAlarm */ = {
			isa = PBXGroup;
			children = (
				4003D2541F08548B004A7C30 /* WeatherAlarm-Bridging-Header.h */,
				4003D2531F08541D004A7C30 /* WeatherAlarm.entitlements */,
				400532881F07BAB0009D4E80 /* AppDelegate.swift */,
				40F5535B1F0847A0005B33C4 /* GoogleService-Info.plist */,
				4005328A1F07BAB0009D4E80 /* ViewController.swift */,
				4005328C1F07BAB0009D4E80 /* Main.storyboard */,
				4005328F1F07BAB0009D4E80 /* Assets.xcassets */,
				400532911F07BAB0009D4E80 /* LaunchScreen.storyboard */,
				400532941F07BAB0009D4E80 /* Info.plist */,
			);
			path = WeatherAlarm;
			sourceTree = "<group>";
		};
		4005329C1F07BAB0009D4E80 /* WeatherAlarmTests */ = {
			isa = PBXGroup;
			children = (
				4005329D1F07BAB0009D4E80 /* WeatherAlarmTests.swift */,
				4005329F1F07BAB0009D4E80 /* Info.plist */,
			);
			path = WeatherAlarmTests;
			sourceTree = "<group>";
		};
		400532A71F07BAB0009D4E80 /* WeatherAlarmUITests */ = {
			isa = PBXGroup;
			children = (
				400532A81F07BAB0009D4E80 /* WeatherAlarmUITests.swift */,
				400532AA1F07BAB0009D4E80 /* Info.plist */,
			);
			path = WeatherAlarmUITests;
			sourceTree = "<group>";
		};
		5DB6A4D1DA82B8F10A1F7309 /* Frameworks */ = {
			isa = PBXGroup;
			children = (
				D80EBB26B78982EFB1A58AD8 /* Pods_WeatherAlarm.framework */,
				37BBAF2584997736BE38AFE1 /* Pods_WeatherAlarmTests.framework */,
				D5ACC9ADCA2B8AF04BA0CB7B /* Pods_WeatherAlarmUITests.framework */,
			);
			name = Frameworks;
			sourceTree = "<group>";
		};
		C9D067CEC2C454ED258FC8DB /* Pods */ = {
			isa = PBXGroup;
			children = (
				FE70D9E12BF69E1503A1CBD8 /* Pods-WeatherAlarm.debug.xcconfig */,
				ECCFB20936FD75E37CB72274 /* Pods-WeatherAlarm.release.xcconfig */,
				68B2C27D01F60385D2411F35 /* Pods-WeatherAlarmTests.debug.xcconfig */,
				4B84837C31016D34DDA98F53 /* Pods-WeatherAlarmTests.release.xcconfig */,
				B97C1CC63B863CF305673A21 /* Pods-WeatherAlarmUITests.debug.xcconfig */,
				44301D76E38F00D60445119F /* Pods-WeatherAlarmUITests.release.xcconfig */,
			);
			name = Pods;
			sourceTree = "<group>";
		};
/* End PBXGroup section */

/* Begin PBXNativeTarget section */
		400532841F07BAAF009D4E80 /* WeatherAlarm */ = {
			isa = PBXNativeTarget;
			buildConfigurationList = 400532AD1F07BAB0009D4E80 /* Build configuration list for PBXNativeTarget "WeatherAlarm" */;
			buildPhases = (
				FE927CB77F77D304078DDC87 /* [CP] Check Pods Manifest.lock */,
				400532811F07BAAF009D4E80 /* Sources */,
				400532821F07BAAF009D4E80 /* Frameworks */,
				400532831F07BAAF009D4E80 /* Resources */,
				632A0E10638CCE253D7A05C2 /* [CP] Embed Pods Frameworks */,
				F12C60406DE95E311C4099A7 /* [CP] Copy Pods Resources */,
			);
			buildRules = (
			);
			dependencies = (
			);
			name = WeatherAlarm;
			productName = WeatherAlarm;
			productReference = 400532851F07BAAF009D4E80 /* WeatherAlarm.app */;
			productType = "com.apple.product-type.application";
		};
		400532981F07BAB0009D4E80 /* WeatherAlarmTests */ = {
			isa = PBXNativeTarget;
			buildConfigurationList = 400532B01F07BAB0009D4E80 /* Build configuration list for PBXNativeTarget "WeatherAlarmTests" */;
			buildPhases = (
				78D41940D80528502E294415 /* [CP] Check Pods Manifest.lock */,
				400532951F07BAB0009D4E80 /* Sources */,
				400532961F07BAB0009D4E80 /* Frameworks */,
				400532971F07BAB0009D4E80 /* Resources */,
				861AAFDE8D735B7557B3CEF0 /* [CP] Embed Pods Frameworks */,
				1FD0871151C7F1ABF91791B9 /* [CP] Copy Pods Resources */,
			);
			buildRules = (
			);
			dependencies = (
				4005329B1F07BAB0009D4E80 /* PBXTargetDependency */,
			);
			name = WeatherAlarmTests;
			productName = WeatherAlarmTests;
			productReference = 400532991F07BAB0009D4E80 /* WeatherAlarmTests.xctest */;
			productType = "com.apple.product-type.bundle.unit-test";
		};
		400532A31F07BAB0009D4E80 /* WeatherAlarmUITests */ = {
			isa = PBXNativeTarget;
			buildConfigurationList = 400532B31F07BAB0009D4E80 /* Build configuration list for PBXNativeTarget "WeatherAlarmUITests" */;
			buildPhases = (
				F5138D26DACE600C9A770505 /* [CP] Check Pods Manifest.lock */,
				400532A01F07BAB0009D4E80 /* Sources */,
				400532A11F07BAB0009D4E80 /* Frameworks */,
				400532A21F07BAB0009D4E80 /* Resources */,
				0E06D8E731CF7BC8698B1618 /* [CP] Embed Pods Frameworks */,
				CF12A65859224C3B3EC43869 /* [CP] Copy Pods Resources */,
			);
			buildRules = (
			);
			dependencies = (
				400532A61F07BAB0009D4E80 /* PBXTargetDependency */,
			);
			name = WeatherAlarmUITests;
			productName = WeatherAlarmUITests;
			productReference = 400532A41F07BAB0009D4E80 /* WeatherAlarmUITests.xctest */;
			productType = "com.apple.product-type.bundle.ui-testing";
		};
/* End PBXNativeTarget section */

/* Begin PBXProject section */
		4005327D1F07BAAF009D4E80 /* Project object */ = {
			isa = PBXProject;
			attributes = {
				LastSwiftUpdateCheck = 0830;
				LastUpgradeCheck = 0830;
				ORGANIZATIONNAME = "Klaus Schleicher";
				TargetAttributes = {
					400532841F07BAAF009D4E80 = {
						CreatedOnToolsVersion = 8.3.3;
						DevelopmentTeam = GR8UFT7ETW;
						LastSwiftMigration = 0830;
						ProvisioningStyle = Automatic;
						SystemCapabilities = {
							com.apple.Keychain = {
								enabled = 1;
							};
						};
					};
					400532981F07BAB0009D4E80 = {
						CreatedOnToolsVersion = 8.3.3;
						ProvisioningStyle = Automatic;
						TestTargetID = 400532841F07BAAF009D4E80;
					};
					400532A31F07BAB0009D4E80 = {
						CreatedOnToolsVersion = 8.3.3;
						ProvisioningStyle = Automatic;
						TestTargetID = 400532841F07BAAF009D4E80;
					};
				};
			};
			buildConfigurationList = 400532801F07BAAF009D4E80 /* Build configuration list for PBXProject "WeatherAlarm" */;
			compatibilityVersion = "Xcode 3.2";
			developmentRegion = English;
			hasScannedForEncodings = 0;
			knownRegions = (
				en,
				Base,
			);
			mainGroup = 4005327C1F07BAAF009D4E80;
			productRefGroup = 400532861F07BAAF009D4E80 /* Products */;
			projectDirPath = "";
			projectRoot = "";
			targets = (
				400532841F07BAAF009D4E80 /* WeatherAlarm */,
				400532981F07BAB0009D4E80 /* WeatherAlarmTests */,
				400532A31F07BAB0009D4E80 /* WeatherAlarmUITests */,
			);
		};
/* End PBXProject section */

/* Begin PBXResourcesBuildPhase section */
		400532831F07BAAF009D4E80 /* Resources */ = {
			isa = PBXResourcesBuildPhase;
			buildActionMask = 2147483647;
			files = (
				400532931F07BAB0009D4E80 /* LaunchScreen.storyboard in Resources */,
				40F5535C1F0847A0005B33C4 /* GoogleService-Info.plist in Resources */,
				400532901F07BAB0009D4E80 /* Assets.xcassets in Resources */,
				4005328E1F07BAB0009D4E80 /* Main.storyboard in Resources */,
			);
			runOnlyForDeploymentPostprocessing = 0;
		};
		400532971F07BAB0009D4E80 /* Resources */ = {
			isa = PBXResourcesBuildPhase;
			buildActionMask = 2147483647;
			files = (
				40F5535D1F0847A0005B33C4 /* GoogleService-Info.plist in Resources */,
			);
			runOnlyForDeploymentPostprocessing = 0;
		};
		400532A21F07BAB0009D4E80 /* Resources */ = {
			isa = PBXResourcesBuildPhase;
			buildActionMask = 2147483647;
			files = (
				40F5535E1F0847A0005B33C4 /* GoogleService-Info.plist in Resources */,
			);
			runOnlyForDeploymentPostprocessing = 0;
		};
/* End PBXResourcesBuildPhase section */

/* Begin PBXShellScriptBuildPhase section */
		0E06D8E731CF7BC8698B1618 /* [CP] Embed Pods Frameworks */ = {
			isa = PBXShellScriptBuildPhase;
			buildActionMask = 2147483647;
			files = (
			);
			inputPaths = (
			);
			name = "[CP] Embed Pods Frameworks";
			outputPaths = (
			);
			runOnlyForDeploymentPostprocessing = 0;
			shellPath = /bin/sh;
			shellScript = "\"${SRCROOT}/Pods/Target Support Files/Pods-WeatherAlarmUITests/Pods-WeatherAlarmUITests-frameworks.sh\"\n";
			showEnvVarsInLog = 0;
		};
		1FD0871151C7F1ABF91791B9 /* [CP] Copy Pods Resources */ = {
			isa = PBXShellScriptBuildPhase;
			buildActionMask = 2147483647;
			files = (
			);
			inputPaths = (
			);
			name = "[CP] Copy Pods Resources";
			outputPaths = (
			);
			runOnlyForDeploymentPostprocessing = 0;
			shellPath = /bin/sh;
			shellScript = "\"${SRCROOT}/Pods/Target Support Files/Pods-WeatherAlarmTests/Pods-WeatherAlarmTests-resources.sh\"\n";
			showEnvVarsInLog = 0;
		};
		632A0E10638CCE253D7A05C2 /* [CP] Embed Pods Frameworks */ = {
			isa = PBXShellScriptBuildPhase;
			buildActionMask = 2147483647;
			files = (
			);
			inputPaths = (
			);
			name = "[CP] Embed Pods Frameworks";
			outputPaths = (
			);
			runOnlyForDeploymentPostprocessing = 0;
			shellPath = /bin/sh;
			shellScript = "\"${SRCROOT}/Pods/Target Support Files/Pods-WeatherAlarm/Pods-WeatherAlarm-frameworks.sh\"\n";
			showEnvVarsInLog = 0;
		};
		78D41940D80528502E294415 /* [CP] Check Pods Manifest.lock */ = {
			isa = PBXShellScriptBuildPhase;
			buildActionMask = 2147483647;
			files = (
			);
			inputPaths = (
			);
			name = "[CP] Check Pods Manifest.lock";
			outputPaths = (
			);
			runOnlyForDeploymentPostprocessing = 0;
			shellPath = /bin/sh;
			shellScript = "diff \"${PODS_ROOT}/../Podfile.lock\" \"${PODS_ROOT}/Manifest.lock\" > /dev/null\nif [ $? != 0 ] ; then\n    # print error to STDERR\n    echo \"error: The sandbox is not in sync with the Podfile.lock. Run 'pod install' or update your CocoaPods installation.\" >&2\n    exit 1\nfi\n";
			showEnvVarsInLog = 0;
		};
		861AAFDE8D735B7557B3CEF0 /* [CP] Embed Pods Frameworks */ = {
			isa = PBXShellScriptBuildPhase;
			buildActionMask = 2147483647;
			files = (
			);
			inputPaths = (
			);
			name = "[CP] Embed Pods Frameworks";
			outputPaths = (
			);
			runOnlyForDeploymentPostprocessing = 0;
			shellPath = /bin/sh;
			shellScript = "\"${SRCROOT}/Pods/Target Support Files/Pods-WeatherAlarmTests/Pods-WeatherAlarmTests-frameworks.sh\"\n";
			showEnvVarsInLog = 0;
		};
		CF12A65859224C3B3EC43869 /* [CP] Copy Pods Resources */ = {
			isa = PBXShellScriptBuildPhase;
			buildActionMask = 2147483647;
			files = (
			);
			inputPaths = (
			);
			name = "[CP] Copy Pods Resources";
			outputPaths = (
			);
			runOnlyForDeploymentPostprocessing = 0;
			shellPath = /bin/sh;
			shellScript = "\"${SRCROOT}/Pods/Target Support Files/Pods-WeatherAlarmUITests/Pods-WeatherAlarmUITests-resources.sh\"\n";
			showEnvVarsInLog = 0;
		};
		F12C60406DE95E311C4099A7 /* [CP] Copy Pods Resources */ = {
			isa = PBXShellScriptBuildPhase;
			buildActionMask = 2147483647;
			files = (
			);
			inputPaths = (
			);
			name = "[CP] Copy Pods Resources";
			outputPaths = (
			);
			runOnlyForDeploymentPostprocessing = 0;
			shellPath = /bin/sh;
			shellScript = "\"${SRCROOT}/Pods/Target Support Files/Pods-WeatherAlarm/Pods-WeatherAlarm-resources.sh\"\n";
			showEnvVarsInLog = 0;
		};
		F5138D26DACE600C9A770505 /* [CP] Check Pods Manifest.lock */ = {
			isa = PBXShellScriptBuildPhase;
			buildActionMask = 2147483647;
			files = (
			);
			inputPaths = (
			);
			name = "[CP] Check Pods Manifest.lock";
			outputPaths = (
			);
			runOnlyForDeploymentPostprocessing = 0;
			shellPath = /bin/sh;
			shellScript = "diff \"${PODS_ROOT}/../Podfile.lock\" \"${PODS_ROOT}/Manifest.lock\" > /dev/null\nif [ $? != 0 ] ; then\n    # print error to STDERR\n    echo \"error: The sandbox is not in sync with the Podfile.lock. Run 'pod install' or update your CocoaPods installation.\" >&2\n    exit 1\nfi\n";
			showEnvVarsInLog = 0;
		};
		FE927CB77F77D304078DDC87 /* [CP] Check Pods Manifest.lock */ = {
			isa = PBXShellScriptBuildPhase;
			buildActionMask = 2147483647;
			files = (
			);
			inputPaths = (
			);
			name = "[CP] Check Pods Manifest.lock";
			outputPaths = (
			);
			runOnlyForDeploymentPostprocessing = 0;
			shellPath = /bin/sh;
			shellScript = "diff \"${PODS_ROOT}/../Podfile.lock\" \"${PODS_ROOT}/Manifest.lock\" > /dev/null\nif [ $? != 0 ] ; then\n    # print error to STDERR\n    echo \"error: The sandbox is not in sync with the Podfile.lock. Run 'pod install' or update your CocoaPods installation.\" >&2\n    exit 1\nfi\n";
			showEnvVarsInLog = 0;
		};
/* End PBXShellScriptBuildPhase section */

/* Begin PBXSourcesBuildPhase section */
		400532811F07BAAF009D4E80 /* Sources */ = {
			isa = PBXSourcesBuildPhase;
			buildActionMask = 2147483647;
			files = (
				4005328B1F07BAB0009D4E80 /* ViewController.swift in Sources */,
				400532891F07BAB0009D4E80 /* AppDelegate.swift in Sources */,
			);
			runOnlyForDeploymentPostprocessing = 0;
		};
		400532951F07BAB0009D4E80 /* Sources */ = {
			isa = PBXSourcesBuildPhase;
			buildActionMask = 2147483647;
			files = (
				4005329E1F07BAB0009D4E80 /* WeatherAlarmTests.swift in Sources */,
			);
			runOnlyForDeploymentPostprocessing = 0;
		};
		400532A01F07BAB0009D4E80 /* Sources */ = {
			isa = PBXSourcesBuildPhase;
			buildActionMask = 2147483647;
			files = (
				400532A91F07BAB0009D4E80 /* WeatherAlarmUITests.swift in Sources */,
			);
			runOnlyForDeploymentPostprocessing = 0;
		};
/* End PBXSourcesBuildPhase section */

/* Begin PBXTargetDependency section */
		4005329B1F07BAB0009D4E80 /* PBXTargetDependency */ = {
			isa = PBXTargetDependency;
			target = 400532841F07BAAF009D4E80 /* WeatherAlarm */;
			targetProxy = 4005329A1F07BAB0009D4E80 /* PBXContainerItemProxy */;
		};
		400532A61F07BAB0009D4E80 /* PBXTargetDependency */ = {
			isa = PBXTargetDependency;
			target = 400532841F07BAAF009D4E80 /* WeatherAlarm */;
			targetProxy = 400532A51F07BAB0009D4E80 /* PBXContainerItemProxy */;
		};
/* End PBXTargetDependency section */

/* Begin PBXVariantGroup section */
		4005328C1F07BAB0009D4E80 /* Main.storyboard */ = {
			isa = PBXVariantGroup;
			children = (
				4005328D1F07BAB0009D4E80 /* Base */,
			);
			name = Main.storyboard;
			sourceTree = "<group>";
		};
		400532911F07BAB0009D4E80 /* LaunchScreen.storyboard */ = {
			isa = PBXVariantGroup;
			children = (
				400532921F07BAB0009D4E80 /* Base */,
			);
			name = LaunchScreen.storyboard;
			sourceTree = "<group>";
		};
/* End PBXVariantGroup section */

/* Begin XCBuildConfiguration section */
		400532AB1F07BAB0009D4E80 /* Debug */ = {
			isa = XCBuildConfiguration;
			buildSettings = {
				ALWAYS_SEARCH_USER_PATHS = NO;
				CLANG_ANALYZER_NONNULL = YES;
				CLANG_ANALYZER_NUMBER_OBJECT_CONVERSION = YES_AGGRESSIVE;
				CLANG_CXX_LANGUAGE_STANDARD = "gnu++0x";
				CLANG_CXX_LIBRARY = "libc++";
				CLANG_ENABLE_MODULES = YES;
				CLANG_ENABLE_OBJC_ARC = YES;
				CLANG_WARN_BOOL_CONVERSION = YES;
				CLANG_WARN_CONSTANT_CONVERSION = YES;
				CLANG_WARN_DIRECT_OBJC_ISA_USAGE = YES_ERROR;
				CLANG_WARN_DOCUMENTATION_COMMENTS = YES;
				CLANG_WARN_EMPTY_BODY = YES;
				CLANG_WARN_ENUM_CONVERSION = YES;
				CLANG_WARN_INFINITE_RECURSION = YES;
				CLANG_WARN_INT_CONVERSION = YES;
				CLANG_WARN_OBJC_ROOT_CLASS = YES_ERROR;
				CLANG_WARN_SUSPICIOUS_MOVE = YES;
				CLANG_WARN_UNREACHABLE_CODE = YES;
				CLANG_WARN__DUPLICATE_METHOD_MATCH = YES;
				"CODE_SIGN_IDENTITY[sdk=iphoneos*]" = "iPhone Developer";
				COPY_PHASE_STRIP = NO;
				DEBUG_INFORMATION_FORMAT = dwarf;
				ENABLE_STRICT_OBJC_MSGSEND = YES;
				ENABLE_TESTABILITY = YES;
				GCC_C_LANGUAGE_STANDARD = gnu99;
				GCC_DYNAMIC_NO_PIC = NO;
				GCC_NO_COMMON_BLOCKS = YES;
				GCC_OPTIMIZATION_LEVEL = 0;
				GCC_PREPROCESSOR_DEFINITIONS = (
					"DEBUG=1",
					"$(inherited)",
				);
				GCC_WARN_64_TO_32_BIT_CONVERSION = YES;
				GCC_WARN_ABOUT_RETURN_TYPE = YES_ERROR;
				GCC_WARN_UNDECLARED_SELECTOR = YES;
				GCC_WARN_UNINITIALIZED_AUTOS = YES_AGGRESSIVE;
				GCC_WARN_UNUSED_FUNCTION = YES;
				GCC_WARN_UNUSED_VARIABLE = YES;
				IPHONEOS_DEPLOYMENT_TARGET = 10.3;
				MTL_ENABLE_DEBUG_INFO = YES;
				ONLY_ACTIVE_ARCH = YES;
				SDKROOT = iphoneos;
				SWIFT_ACTIVE_COMPILATION_CONDITIONS = DEBUG;
				SWIFT_OPTIMIZATION_LEVEL = "-Onone";
			};
			name = Debug;
		};
		400532AC1F07BAB0009D4E80 /* Release */ = {
			isa = XCBuildConfiguration;
			buildSettings = {
				ALWAYS_SEARCH_USER_PATHS = NO;
				CLANG_ANALYZER_NONNULL = YES;
				CLANG_ANALYZER_NUMBER_OBJECT_CONVERSION = YES_AGGRESSIVE;
				CLANG_CXX_LANGUAGE_STANDARD = "gnu++0x";
				CLANG_CXX_LIBRARY = "libc++";
				CLANG_ENABLE_MODULES = YES;
				CLANG_ENABLE_OBJC_ARC = YES;
				CLANG_WARN_BOOL_CONVERSION = YES;
				CLANG_WARN_CONSTANT_CONVERSION = YES;
				CLANG_WARN_DIRECT_OBJC_ISA_USAGE = YES_ERROR;
				CLANG_WARN_DOCUMENTATION_COMMENTS = YES;
				CLANG_WARN_EMPTY_BODY = YES;
				CLANG_WARN_ENUM_CONVERSION = YES;
				CLANG_WARN_INFINITE_RECURSION = YES;
				CLANG_WARN_INT_CONVERSION = YES;
				CLANG_WARN_OBJC_ROOT_CLASS = YES_ERROR;
				CLANG_WARN_SUSPICIOUS_MOVE = YES;
				CLANG_WARN_UNREACHABLE_CODE = YES;
				CLANG_WARN__DUPLICATE_METHOD_MATCH = YES;
				"CODE_SIGN_IDENTITY[sdk=iphoneos*]" = "iPhone Developer";
				COPY_PHASE_STRIP = NO;
				DEBUG_INFORMATION_FORMAT = "dwarf-with-dsym";
				ENABLE_NS_ASSERTIONS = NO;
				ENABLE_STRICT_OBJC_MSGSEND = YES;
				GCC_C_LANGUAGE_STANDARD = gnu99;
				GCC_NO_COMMON_BLOCKS = YES;
				GCC_WARN_64_TO_32_BIT_CONVERSION = YES;
				GCC_WARN_ABOUT_RETURN_TYPE = YES_ERROR;
				GCC_WARN_UNDECLARED_SELECTOR = YES;
				GCC_WARN_UNINITIALIZED_AUTOS = YES_AGGRESSIVE;
				GCC_WARN_UNUSED_FUNCTION = YES;
				GCC_WARN_UNUSED_VARIABLE = YES;
				IPHONEOS_DEPLOYMENT_TARGET = 10.3;
				MTL_ENABLE_DEBUG_INFO = NO;
				SDKROOT = iphoneos;
				SWIFT_OPTIMIZATION_LEVEL = "-Owholemodule";
				VALIDATE_PRODUCT = YES;
			};
			name = Release;
		};
		400532AE1F07BAB0009D4E80 /* Debug */ = {
			isa = XCBuildConfiguration;
			baseConfigurationReference = FE70D9E12BF69E1503A1CBD8 /* Pods-WeatherAlarm.debug.xcconfig */;
			buildSettings = {
				ASSETCATALOG_COMPILER_APPICON_NAME = AppIcon;
				CLANG_ENABLE_MODULES = YES;
				CODE_SIGN_ENTITLEMENTS = WeatherAlarm/WeatherAlarm.entitlements;
				DEVELOPMENT_TEAM = GR8UFT7ETW;
				INFOPLIST_FILE = WeatherAlarm/Info.plist;
				LD_RUNPATH_SEARCH_PATHS = "$(inherited) @executable_path/Frameworks";
				PRODUCT_BUNDLE_IDENTIFIER = com.Schleicher.WeatherAlarm;
				PRODUCT_NAME = "$(TARGET_NAME)";
				SWIFT_OBJC_BRIDGING_HEADER = "WeatherAlarm-Bridging-Header.h";
				SWIFT_OPTIMIZATION_LEVEL = "-Onone";
				SWIFT_VERSION = 3.0;
			};
			name = Debug;
		};
		400532AF1F07BAB0009D4E80 /* Release */ = {
			isa = XCBuildConfiguration;
			baseConfigurationReference = ECCFB20936FD75E37CB72274 /* Pods-WeatherAlarm.release.xcconfig */;
			buildSettings = {
				ASSETCATALOG_COMPILER_APPICON_NAME = AppIcon;
				CLANG_ENABLE_MODULES = YES;
				CODE_SIGN_ENTITLEMENTS = WeatherAlarm/WeatherAlarm.entitlements;
				DEVELOPMENT_TEAM = GR8UFT7ETW;
				INFOPLIST_FILE = WeatherAlarm/Info.plist;
				LD_RUNPATH_SEARCH_PATHS = "$(inherited) @executable_path/Frameworks";
				PRODUCT_BUNDLE_IDENTIFIER = com.Schleicher.WeatherAlarm;
				PRODUCT_NAME = "$(TARGET_NAME)";
				SWIFT_OBJC_BRIDGING_HEADER = "WeatherAlarm-Bridging-Header.h";
				SWIFT_VERSION = 3.0;
			};
			name = Release;
		};
		400532B11F07BAB0009D4E80 /* Debug */ = {
			isa = XCBuildConfiguration;
			baseConfigurationReference = 68B2C27D01F60385D2411F35 /* Pods-WeatherAlarmTests.debug.xcconfig */;
			buildSettings = {
				ALWAYS_EMBED_SWIFT_STANDARD_LIBRARIES = YES;
				BUNDLE_LOADER = "$(TEST_HOST)";
				INFOPLIST_FILE = WeatherAlarmTests/Info.plist;
				LD_RUNPATH_SEARCH_PATHS = "$(inherited) @executable_path/Frameworks @loader_path/Frameworks";
				PRODUCT_BUNDLE_IDENTIFIER = com.Schleicher.WeatherAlarmTests;
				PRODUCT_NAME = "$(TARGET_NAME)";
				SWIFT_VERSION = 3.0;
				TEST_HOST = "$(BUILT_PRODUCTS_DIR)/WeatherAlarm.app/WeatherAlarm";
			};
			name = Debug;
		};
		400532B21F07BAB0009D4E80 /* Release */ = {
			isa = XCBuildConfiguration;
			baseConfigurationReference = 4B84837C31016D34DDA98F53 /* Pods-WeatherAlarmTests.release.xcconfig */;
			buildSettings = {
				ALWAYS_EMBED_SWIFT_STANDARD_LIBRARIES = YES;
				BUNDLE_LOADER = "$(TEST_HOST)";
				INFOPLIST_FILE = WeatherAlarmTests/Info.plist;
				LD_RUNPATH_SEARCH_PATHS = "$(inherited) @executable_path/Frameworks @loader_path/Frameworks";
				PRODUCT_BUNDLE_IDENTIFIER = com.Schleicher.WeatherAlarmTests;
				PRODUCT_NAME = "$(TARGET_NAME)";
				SWIFT_VERSION = 3.0;
				TEST_HOST = "$(BUILT_PRODUCTS_DIR)/WeatherAlarm.app/WeatherAlarm";
			};
			name = Release;
		};
		400532B41F07BAB0009D4E80 /* Debug */ = {
			isa = XCBuildConfiguration;
			baseConfigurationReference = B97C1CC63B863CF305673A21 /* Pods-WeatherAlarmUITests.debug.xcconfig */;
			buildSettings = {
				ALWAYS_EMBED_SWIFT_STANDARD_LIBRARIES = YES;
				INFOPLIST_FILE = WeatherAlarmUITests/Info.plist;
				LD_RUNPATH_SEARCH_PATHS = "$(inherited) @executable_path/Frameworks @loader_path/Frameworks";
				PRODUCT_BUNDLE_IDENTIFIER = com.Schleicher.WeatherAlarmUITests;
				PRODUCT_NAME = "$(TARGET_NAME)";
				SWIFT_VERSION = 3.0;
				TEST_TARGET_NAME = WeatherAlarm;
			};
			name = Debug;
		};
		400532B51F07BAB0009D4E80 /* Release */ = {
			isa = XCBuildConfiguration;
			baseConfigurationReference = 44301D76E38F00D60445119F /* Pods-WeatherAlarmUITests.release.xcconfig */;
			buildSettings = {
				ALWAYS_EMBED_SWIFT_STANDARD_LIBRARIES = YES;
				INFOPLIST_FILE = WeatherAlarmUITests/Info.plist;
				LD_RUNPATH_SEARCH_PATHS = "$(inherited) @executable_path/Frameworks @loader_path/Frameworks";
				PRODUCT_BUNDLE_IDENTIFIER = com.Schleicher.WeatherAlarmUITests;
				PRODUCT_NAME = "$(TARGET_NAME)";
				SWIFT_VERSION = 3.0;
				TEST_TARGET_NAME = WeatherAlarm;
			};
			name = Release;
		};
/* End XCBuildConfiguration section */

/* Begin XCConfigurationList section */
		400532801F07BAAF009D4E80 /* Build configuration list for PBXProject "WeatherAlarm" */ = {
			isa = XCConfigurationList;
			buildConfigurations = (
				400532AB1F07BAB0009D4E80 /* Debug */,
				400532AC1F07BAB0009D4E80 /* Release */,
			);
			defaultConfigurationIsVisible = 0;
			defaultConfigurationName = Release;
		};
		400532AD1F07BAB0009D4E80 /* Build configuration list for PBXNativeTarget "WeatherAlarm" */ = {
			isa = XCConfigurationList;
			buildConfigurations = (
				400532AE1F07BAB0009D4E80 /* Debug */,
				400532AF1F07BAB0009D4E80 /* Release */,
			);
			defaultConfigurationIsVisible = 0;
			defaultConfigurationName = Release;
		};
		400532B01F07BAB0009D4E80 /* Build configuration list for PBXNativeTarget "WeatherAlarmTests" */ = {
			isa = XCConfigurationList;
			buildConfigurations = (
				400532B11F07BAB0009D4E80 /* Debug */,
				400532B21F07BAB0009D4E80 /* Release */,
			);
			defaultConfigurationIsVisible = 0;
			defaultConfigurationName = Release;
		};
		400532B31F07BAB0009D4E80 /* Build configuration list for PBXNativeTarget "WeatherAlarmUITests" */ = {
			isa = XCConfigurationList;
			buildConfigurations = (
				400532B41F07BAB0009D4E80 /* Debug */,
				400532B51F07BAB0009D4E80 /* Release */,
			);
			defaultConfigurationIsVisible = 0;
			defaultConfigurationName = Release;
		};
/* End XCConfigurationList section */
	};
	rootObject = 4005327D1F07BAAF009D4E80 /* Project object */;
}
